
Microsoft Visual Studio Solution File, Format Version 12.00
# Visual Studio 15
Project("{FAE04EC0-301F-11D3-BF4B-00C04F79EFBC}") = "Assembly-CSharp", "Assembly-CSharp.csproj", "{3B7CF685-8889-8ED1-599B-5E414A6D40A9}"
EndProject
Project("{FAE04EC0-301F-11D3-BF4B-00C04F79EFBC}") = "Assembly-CSharp-Editor", "Assembly-CSharp-Editor.csproj", "{C981241D-108B-A239-5ED5-D03B788357F4}"
EndProject
Global
	GlobalSection(SolutionConfigurationPlatforms) = preSolution
		Debug|Any CPU = Debug|Any CPU
		Release|Any CPU = Release|Any CPU
	EndGlobalSection
	GlobalSection(ProjectConfigurationPlatforms) = postSolution
		{3B7CF685-8889-8ED1-599B-5E414A6D40A9}.Debug|Any CPU.ActiveCfg = Debug|Any CPU
		{3B7CF685-8889-8ED1-599B-5E414A6D40A9}.Debug|Any CPU.Build.0 = Debug|Any CPU
		{3B7CF685-8889-8ED1-599B-5E414A6D40A9}.Release|Any CPU.ActiveCfg = Release|Any CPU
		{3B7CF685-8889-8ED1-599B-5E414A6D40A9}.Release|Any CPU.Build.0 = Release|Any CPU
		{C981241D-108B-A239-5ED5-D03B788357F4}.Debug|Any CPU.ActiveCfg = Debug|Any CPU
		{C981241D-108B-A239-5ED5-D03B788357F4}.Debug|Any CPU.Build.0 = Debug|Any CPU
		{C981241D-108B-A239-5ED5-D03B788357F4}.Release|Any CPU.ActiveCfg = Release|Any CPU
		{C981241D-108B-A239-5ED5-D03B788357F4}.Release|Any CPU.Build.0 = Release|Any CPU
	EndGlobalSection
	GlobalSection(SolutionProperties) = preSolution
		HideSolutionNode = FALSE
	EndGlobalSection
EndGlobal
